<?xml version="1.0" encoding="utf-8"?>
<Project ToolsVersion="4.0" xmlns="http://schemas.microsoft.com/developer/msbuild/2003">
  <ItemGroup>
    <ClCompile Include="Car.cpp" />
    <ClCompile Include="Junctions.cpp" />
    <ClCompile Include="Roads.cpp" />
    <ClCompile Include="TrafficSimulation.cpp" />
    <ClCompile Include="Main.cpp" />
    <ClCompile Include="CarFaulttEvent.cpp" />
    <ClCompile Include="Event.cpp" />
    <ClCompile Include="AddCarEvent.cpp" />
    <ClCompile Include="ini.cpp" />
    <ClCompile Include="GlobalVar.cpp" />
    <ClCompile Include="CarReport.cpp" />
    <ClCompile Include="JunctionReport.cpp" />
    <ClCompile Include="Reports.cpp" />
    <ClCompile Include="RoadReport.cpp" />
    <ClCompile Include="Printer.cpp" />
  </ItemGroup>
  <ItemGroup>
    <ClInclude Include="AddCarEvent.h" />
    <ClInclude Include="Car.h" />
    <ClInclude Include="CarReport.h" />
    <ClInclude Include="Commands.h" />
    <ClInclude Include="JunctionReport.h" />
    <ClInclude Include="Junctions.h" />
    <ClInclude Include="Reports.h" />
    <ClInclude Include="resource.h" />
    <ClInclude Include="RoadReport.h" />
    <ClInclude Include="Roads.h" />
    <ClInclude Include="TrafficSimulation.h" />
    <ClInclude Include="Main.h" />
    <ClInclude Include="CarFaulttEvent.h" />
    <ClInclude Include="Event.h" />
    <ClInclude Include="ini.h" />
    <ClInclude Include="GlobalVar.h" />
    <ClInclude Include="Printer.h" />
  </ItemGroup>
  <ItemGroup>
    <ResourceCompile Include="Assignment2.rc" />
  </ItemGroup>
  <ItemGroup>
    <None Include="Configuration.ini" />
    <None Include="Events.ini" />
    <None Include="RoadMap.ini" />
    <None Include="Commands.ini" />
  </ItemGroup>
</Project>